
Microsoft Visual Studio Solution File, Format Version 12.00
# Visual Studio Version 18
VisualStudioVersion = 18.2.11415.280
MinimumVisualStudioVersion = 10.0.40219.1
Project("{2150E333-8FDC-42A3-9474-1A3956D46DE8}") = "Src", "Src", "{C65D1B17-7D31-4FB1-94A1-2BDF4160C5A8}"
EndProject
Project("{2150E333-8FDC-42A3-9474-1A3956D46DE8}") = "Core", "Core", "{A997222C-7999-495C-8F24-E6E774E47FAB}"
EndProject
Project("{FAE04EC0-301F-11D3-BF4B-00C04F79EFBC}") = "Pivot.Framework.Application", "Src\Core\Pivot.Framework.Application\Pivot.Framework.Application.csproj", "{B6F9C879-4A4B-4510-B94C-2DE169188968}"
EndProject
Project("{FAE04EC0-301F-11D3-BF4B-00C04F79EFBC}") = "Pivot.Framework.Domain", "Src\Core\Pivot.Framework.Domain\Pivot.Framework.Domain.csproj", "{1F3F99CA-2105-43CE-9499-AF235D3F9D9D}"
EndProject
Project("{2150E333-8FDC-42A3-9474-1A3956D46DE8}") = "Infrastructure", "Infrastructure", "{5C522C01-4562-46F5-AE0B-C0931006F43A}"
EndProject
Project("{FAE04EC0-301F-11D3-BF4B-00C04F79EFBC}") = "Pivot.Framework.Infrastructure.Messaging.EntityFrameworkCore", "Src\Infrastructure\Pivot.Framework.Infrastructure.Messaging.EntityFrameworkCore\Pivot.Framework.Infrastructure.Messaging.EntityFrameworkCore.csproj", "{595A6646-72B4-4B06-BA77-89149CDF9FD2}"
EndProject
Project("{FAE04EC0-301F-11D3-BF4B-00C04F79EFBC}") = "Pivot.Framework.Infrastructure.Persistence.EntityFrameworkCore", "Src\Infrastructure\Pivot.Framework.Infrastructure.Persistence.EntityFrameworkCore\Pivot.Framework.Infrastructure.Persistence.EntityFrameworkCore.csproj", "{777DAB55-C375-4B19-BBD8-4C55FC78F37C}"
EndProject
Project("{2150E333-8FDC-42A3-9474-1A3956D46DE8}") = "Tools", "Tools", "{9BF2402E-E1C7-4C1B-9A90-1E32BAFA7C7F}"
EndProject
Project("{2150E333-8FDC-42A3-9474-1A3956D46DE8}") = "Containers", "Containers", "{3B691C3F-2184-4B9E-8B47-650C04203BD6}"
EndProject
Project("{FAE04EC0-301F-11D3-BF4B-00C04F79EFBC}") = "Pivot.Framework.Infrastructure.Abstraction", "Src\Infrastructure\Pivot.Framework.Infrastructure.Abstraction\Pivot.Framework.Infrastructure.Abstraction.csproj", "{BAFCEC8B-10F0-4133-B59C-3B02BC9D9FA9}"
EndProject
Project("{FAE04EC0-301F-11D3-BF4B-00C04F79EFBC}") = "Pivot.Framework.Infrastructure.Scheduling", "Src\Infrastructure\Pivot.Framework.Infrastructure.Scheduling\Pivot.Framework.Infrastructure.Scheduling.csproj", "{E39B8896-F129-44D7-94A7-78F7B7E30553}"
EndProject
Project("{2150E333-8FDC-42A3-9474-1A3956D46DE8}") = "Authentication", "Authentication", "{12E58FFA-BA99-401D-A51A-2EAC9D3E0D3E}"
EndProject
Project("{FAE04EC0-301F-11D3-BF4B-00C04F79EFBC}") = "Pivot.Framework.Authentication", "Src\Containers\Authentication\Pivot.Framework.Authentication\Pivot.Framework.Authentication.csproj", "{1B1351A6-F069-19BC-5EFD-C498102E22AF}"
EndProject
Project("{FAE04EC0-301F-11D3-BF4B-00C04F79EFBC}") = "Pivot.Framework.Authentication.AspNetCore", "Src\Containers\Authentication\Pivot.Framework.Authentication.AspNetCore\Pivot.Framework.Authentication.AspNetCore.csproj", "{B9398502-5C50-611A-4EF1-62F5AE22E26C}"
EndProject
Project("{FAE04EC0-301F-11D3-BF4B-00C04F79EFBC}") = "Pivot.Framework.Authentication.Blazor", "Src\Containers\Authentication\Pivot.Framework.Authentication.Blazor\Pivot.Framework.Authentication.Blazor.csproj", "{C8D6CA26-775A-A739-1B78-77AED8B65068}"
EndProject
Project("{FAE04EC0-301F-11D3-BF4B-00C04F79EFBC}") = "Pivot.Framework.Authentication.Maui", "Src\Containers\Authentication\Pivot.Framework.Authentication.Maui\Pivot.Framework.Authentication.Maui.csproj", "{FEBE7426-1F6E-8505-0D5C-748022185DF2}"
EndProject
Project("{FAE04EC0-301F-11D3-BF4B-00C04F79EFBC}") = "Pivot.Framework.Tools.DependencyInjection", "Src\Tools\Pivot.Framework.Tools.DependencyInjection\Pivot.Framework.Tools.DependencyInjection.csproj", "{D2B55E46-FF5D-03BE-06B2-22698D561601}"
EndProject
Project("{FAE04EC0-301F-11D3-BF4B-00C04F79EFBC}") = "Pivot.Framework.Containers.API", "Src\Containers\Pivot.Framework.Containers.API\Pivot.Framework.Containers.API.csproj", "{2FE29131-0E56-2DD4-67E3-E86776E498DB}"
EndProject
Project("{FAE04EC0-301F-11D3-BF4B-00C04F79EFBC}") = "Pivot.Framework.Infrastructure.Caching", "Src\Infrastructure\Pivot.Framework.Infrastructure.Caching\Pivot.Framework.Infrastructure.Caching.csproj", "{2CCD7095-7998-E803-7432-C25C8541C3D8}"
EndProject
Project("{FAE04EC0-301F-11D3-BF4B-00C04F79EFBC}") = "Pivot.Framework.Authentication.Caching", "Src\Containers\Authentication\Pivot.Framework.Authentication.Caching\Pivot.Framework.Authentication.Caching.csproj", "{7F9A0C8C-8107-17E9-8E24-521B9F534DAE}"
EndProject
Project("{FAE04EC0-301F-11D3-BF4B-00C04F79EFBC}") = "Pivot.Framework.Authentication.Hangfire", "Src\Containers\Authentication\Pivot.Framework.Authentication.Hangfire\Pivot.Framework.Authentication.Hangfire.csproj", "{894D82F3-BF43-45B7-A3E9-DE892A0E0B7E}"
EndProject
Project("{2150E333-8FDC-42A3-9474-1A3956D46DE8}") = "Tests", "Tests", "{0AB3BF05-4346-4AA6-1389-037BE0695223}"
EndProject
Project("{FAE04EC0-301F-11D3-BF4B-00C04F79EFBC}") = "Pivot.Framework.Domain.Tests", "Tests\Pivot.Framework.Domain.Tests\Pivot.Framework.Domain.Tests.csproj", "{A6BF2FF4-57C6-4652-97BF-53A6972FD989}"
EndProject
Project("{FAE04EC0-301F-11D3-BF4B-00C04F79EFBC}") = "Pivot.Framework.Containers.API.Tests", "Tests\Pivot.Framework.Containers.API.Tests\Pivot.Framework.Containers.API.Tests.csproj", "{5B5B6DDB-13F2-4F7F-BE5D-9CC7363201BB}"
EndProject
Project("{FAE04EC0-301F-11D3-BF4B-00C04F79EFBC}") = "Pivot.Framework.Infrastructure.Abstraction.Tests", "Tests\Pivot.Framework.Infrastructure.Abstraction.Tests\Pivot.Framework.Infrastructure.Abstraction.Tests.csproj", "{9468FE8C-E1AD-424E-BDDB-C4CF9E8B9253}"
EndProject
Project("{FAE04EC0-301F-11D3-BF4B-00C04F79EFBC}") = "Pivot.Framework.Application.Tests", "Tests\Pivot.Framework.Application.Tests\Pivot.Framework.Application.Tests.csproj", "{24EBCB8E-C70E-410F-A60B-1F967920D46B}"
EndProject
Project("{FAE04EC0-301F-11D3-BF4B-00C04F79EFBC}") = "Pivot.Framework.Infrastructure.ReadStore.MongoDB", "Src\Infrastructure\Pivot.Framework.Infrastructure.ReadStore.MongoDB\Pivot.Framework.Infrastructure.ReadStore.MongoDB.csproj", "{B6A97DA6-D870-4053-A703-CC240906B2E6}"
EndProject
Project("{FAE04EC0-301F-11D3-BF4B-00C04F79EFBC}") = "Pivot.Framework.Infrastructure.Persistence.PostgreSQL", "Src\Infrastructure\Pivot.Framework.Infrastructure.Persistence.PostgreSQL\Pivot.Framework.Infrastructure.Persistence.PostgreSQL.csproj", "{DE66A993-66A2-4445-A86F-0D891AC019F7}"
EndProject
Project("{FAE04EC0-301F-11D3-BF4B-00C04F79EFBC}") = "Pivot.Framework.Containers.Grpc", "Src\Containers\Pivot.Framework.Containers.Grpc\Pivot.Framework.Containers.Grpc.csproj", "{1FF0BDDE-5A84-4C3B-BE13-1D9293F63BC5}"
EndProject
Project("{FAE04EC0-301F-11D3-BF4B-00C04F79EFBC}") = "Pivot.Framework.Containers.Grpc.Tests", "Tests\Pivot.Framework.Containers.Grpc.Tests\Pivot.Framework.Containers.Grpc.Tests.csproj", "{783F6DF4-BB21-437A-ACC0-3246A9A4D134}"
EndProject
Global
	GlobalSection(SolutionConfigurationPlatforms) = preSolution
		Debug|Any CPU = Debug|Any CPU
		Debug|x64 = Debug|x64
		Debug|x86 = Debug|x86
		Release|Any CPU = Release|Any CPU
		Release|x64 = Release|x64
		Release|x86 = Release|x86
	EndGlobalSection
	GlobalSection(ProjectConfigurationPlatforms) = postSolution
		{B6F9C879-4A4B-4510-B94C-2DE169188968}.Debug|Any CPU.ActiveCfg = Debug|Any CPU
		{B6F9C879-4A4B-4510-B94C-2DE169188968}.Debug|Any CPU.Build.0 = Debug|Any CPU
		{B6F9C879-4A4B-4510-B94C-2DE169188968}.Debug|x64.ActiveCfg = Debug|Any CPU
		{B6F9C879-4A4B-4510-B94C-2DE169188968}.Debug|x64.Build.0 = Debug|Any CPU
		{B6F9C879-4A4B-4510-B94C-2DE169188968}.Debug|x86.ActiveCfg = Debug|Any CPU
		{B6F9C879-4A4B-4510-B94C-2DE169188968}.Debug|x86.Build.0 = Debug|Any CPU
		{B6F9C879-4A4B-4510-B94C-2DE169188968}.Release|Any CPU.ActiveCfg = Release|Any CPU
		{B6F9C879-4A4B-4510-B94C-2DE169188968}.Release|Any CPU.Build.0 = Release|Any CPU
		{B6F9C879-4A4B-4510-B94C-2DE169188968}.Release|x64.ActiveCfg = Release|Any CPU
		{B6F9C879-4A4B-4510-B94C-2DE169188968}.Release|x64.Build.0 = Release|Any CPU
		{B6F9C879-4A4B-4510-B94C-2DE169188968}.Release|x86.ActiveCfg = Release|Any CPU
		{B6F9C879-4A4B-4510-B94C-2DE169188968}.Release|x86.Build.0 = Release|Any CPU
		{1F3F99CA-2105-43CE-9499-AF235D3F9D9D}.Debug|Any CPU.ActiveCfg = Debug|Any CPU
		{1F3F99CA-2105-43CE-9499-AF235D3F9D9D}.Debug|Any CPU.Build.0 = Debug|Any CPU
		{1F3F99CA-2105-43CE-9499-AF235D3F9D9D}.Debug|x64.ActiveCfg = Debug|Any CPU
		{1F3F99CA-2105-43CE-9499-AF235D3F9D9D}.Debug|x64.Build.0 = Debug|Any CPU
		{1F3F99CA-2105-43CE-9499-AF235D3F9D9D}.Debug|x86.ActiveCfg = Debug|Any CPU
		{1F3F99CA-2105-43CE-9499-AF235D3F9D9D}.Debug|x86.Build.0 = Debug|Any CPU
		{1F3F99CA-2105-43CE-9499-AF235D3F9D9D}.Release|Any CPU.ActiveCfg = Release|Any CPU
		{1F3F99CA-2105-43CE-9499-AF235D3F9D9D}.Release|Any CPU.Build.0 = Release|Any CPU
		{1F3F99CA-2105-43CE-9499-AF235D3F9D9D}.Release|x64.ActiveCfg = Release|Any CPU
		{1F3F99CA-2105-43CE-9499-AF235D3F9D9D}.Release|x64.Build.0 = Release|Any CPU
		{1F3F99CA-2105-43CE-9499-AF235D3F9D9D}.Release|x86.ActiveCfg = Release|Any CPU
		{1F3F99CA-2105-43CE-9499-AF235D3F9D9D}.Release|x86.Build.0 = Release|Any CPU
		{595A6646-72B4-4B06-BA77-89149CDF9FD2}.Debug|Any CPU.ActiveCfg = Debug|Any CPU
		{595A6646-72B4-4B06-BA77-89149CDF9FD2}.Debug|Any CPU.Build.0 = Debug|Any CPU
		{595A6646-72B4-4B06-BA77-89149CDF9FD2}.Debug|x64.ActiveCfg = Debug|Any CPU
		{595A6646-72B4-4B06-BA77-89149CDF9FD2}.Debug|x64.Build.0 = Debug|Any CPU
		{595A6646-72B4-4B06-BA77-89149CDF9FD2}.Debug|x86.ActiveCfg = Debug|Any CPU
		{595A6646-72B4-4B06-BA77-89149CDF9FD2}.Debug|x86.Build.0 = Debug|Any CPU
		{595A6646-72B4-4B06-BA77-89149CDF9FD2}.Release|Any CPU.ActiveCfg = Release|Any CPU
		{595A6646-72B4-4B06-BA77-89149CDF9FD2}.Release|Any CPU.Build.0 = Release|Any CPU
		{595A6646-72B4-4B06-BA77-89149CDF9FD2}.Release|x64.ActiveCfg = Release|Any CPU
		{595A6646-72B4-4B06-BA77-89149CDF9FD2}.Release|x64.Build.0 = Release|Any CPU
		{595A6646-72B4-4B06-BA77-89149CDF9FD2}.Release|x86.ActiveCfg = Release|Any CPU
		{595A6646-72B4-4B06-BA77-89149CDF9FD2}.Release|x86.Build.0 = Release|Any CPU
		{777DAB55-C375-4B19-BBD8-4C55FC78F37C}.Debug|Any CPU.ActiveCfg = Debug|Any CPU
		{777DAB55-C375-4B19-BBD8-4C55FC78F37C}.Debug|Any CPU.Build.0 = Debug|Any CPU
		{777DAB55-C375-4B19-BBD8-4C55FC78F37C}.Debug|x64.ActiveCfg = Debug|Any CPU
		{777DAB55-C375-4B19-BBD8-4C55FC78F37C}.Debug|x64.Build.0 = Debug|Any CPU
		{777DAB55-C375-4B19-BBD8-4C55FC78F37C}.Debug|x86.ActiveCfg = Debug|Any CPU
		{777DAB55-C375-4B19-BBD8-4C55FC78F37C}.Debug|x86.Build.0 = Debug|Any CPU
		{777DAB55-C375-4B19-BBD8-4C55FC78F37C}.Release|Any CPU.ActiveCfg = Release|Any CPU
		{777DAB55-C375-4B19-BBD8-4C55FC78F37C}.Release|Any CPU.Build.0 = Release|Any CPU
		{777DAB55-C375-4B19-BBD8-4C55FC78F37C}.Release|x64.ActiveCfg = Release|Any CPU
		{777DAB55-C375-4B19-BBD8-4C55FC78F37C}.Release|x64.Build.0 = Release|Any CPU
		{777DAB55-C375-4B19-BBD8-4C55FC78F37C}.Release|x86.ActiveCfg = Release|Any CPU
		{777DAB55-C375-4B19-BBD8-4C55FC78F37C}.Release|x86.Build.0 = Release|Any CPU
		{BAFCEC8B-10F0-4133-B59C-3B02BC9D9FA9}.Debug|Any CPU.ActiveCfg = Debug|Any CPU
		{BAFCEC8B-10F0-4133-B59C-3B02BC9D9FA9}.Debug|Any CPU.Build.0 = Debug|Any CPU
		{BAFCEC8B-10F0-4133-B59C-3B02BC9D9FA9}.Debug|x64.ActiveCfg = Debug|Any CPU
		{BAFCEC8B-10F0-4133-B59C-3B02BC9D9FA9}.Debug|x64.Build.0 = Debug|Any CPU
		{BAFCEC8B-10F0-4133-B59C-3B02BC9D9FA9}.Debug|x86.ActiveCfg = Debug|Any CPU
		{BAFCEC8B-10F0-4133-B59C-3B02BC9D9FA9}.Debug|x86.Build.0 = Debug|Any CPU
		{BAFCEC8B-10F0-4133-B59C-3B02BC9D9FA9}.Release|Any CPU.ActiveCfg = Release|Any CPU
		{BAFCEC8B-10F0-4133-B59C-3B02BC9D9FA9}.Release|Any CPU.Build.0 = Release|Any CPU
		{BAFCEC8B-10F0-4133-B59C-3B02BC9D9FA9}.Release|x64.ActiveCfg = Release|Any CPU
		{BAFCEC8B-10F0-4133-B59C-3B02BC9D9FA9}.Release|x64.Build.0 = Release|Any CPU
		{BAFCEC8B-10F0-4133-B59C-3B02BC9D9FA9}.Release|x86.ActiveCfg = Release|Any CPU
		{BAFCEC8B-10F0-4133-B59C-3B02BC9D9FA9}.Release|x86.Build.0 = Release|Any CPU
		{E39B8896-F129-44D7-94A7-78F7B7E30553}.Debug|Any CPU.ActiveCfg = Debug|Any CPU
		{E39B8896-F129-44D7-94A7-78F7B7E30553}.Debug|Any CPU.Build.0 = Debug|Any CPU
		{E39B8896-F129-44D7-94A7-78F7B7E30553}.Debug|x64.ActiveCfg = Debug|Any CPU
		{E39B8896-F129-44D7-94A7-78F7B7E30553}.Debug|x64.Build.0 = Debug|Any CPU
		{E39B8896-F129-44D7-94A7-78F7B7E30553}.Debug|x86.ActiveCfg = Debug|Any CPU
		{E39B8896-F129-44D7-94A7-78F7B7E30553}.Debug|x86.Build.0 = Debug|Any CPU
		{E39B8896-F129-44D7-94A7-78F7B7E30553}.Release|Any CPU.ActiveCfg = Release|Any CPU
		{E39B8896-F129-44D7-94A7-78F7B7E30553}.Release|Any CPU.Build.0 = Release|Any CPU
		{E39B8896-F129-44D7-94A7-78F7B7E30553}.Release|x64.ActiveCfg = Release|Any CPU
		{E39B8896-F129-44D7-94A7-78F7B7E30553}.Release|x64.Build.0 = Release|Any CPU
		{E39B8896-F129-44D7-94A7-78F7B7E30553}.Release|x86.ActiveCfg = Release|Any CPU
		{E39B8896-F129-44D7-94A7-78F7B7E30553}.Release|x86.Build.0 = Release|Any CPU
		{1B1351A6-F069-19BC-5EFD-C498102E22AF}.Debug|Any CPU.ActiveCfg = Debug|Any CPU
		{1B1351A6-F069-19BC-5EFD-C498102E22AF}.Debug|Any CPU.Build.0 = Debug|Any CPU
		{1B1351A6-F069-19BC-5EFD-C498102E22AF}.Debug|x64.ActiveCfg = Debug|Any CPU
		{1B1351A6-F069-19BC-5EFD-C498102E22AF}.Debug|x64.Build.0 = Debug|Any CPU
		{1B1351A6-F069-19BC-5EFD-C498102E22AF}.Debug|x86.ActiveCfg = Debug|Any CPU
		{1B1351A6-F069-19BC-5EFD-C498102E22AF}.Debug|x86.Build.0 = Debug|Any CPU
		{1B1351A6-F069-19BC-5EFD-C498102E22AF}.Release|Any CPU.ActiveCfg = Release|Any CPU
		{1B1351A6-F069-19BC-5EFD-C498102E22AF}.Release|Any CPU.Build.0 = Release|Any CPU
		{1B1351A6-F069-19BC-5EFD-C498102E22AF}.Release|x64.ActiveCfg = Release|Any CPU
		{1B1351A6-F069-19BC-5EFD-C498102E22AF}.Release|x64.Build.0 = Release|Any CPU
		{1B1351A6-F069-19BC-5EFD-C498102E22AF}.Release|x86.ActiveCfg = Release|Any CPU
		{1B1351A6-F069-19BC-5EFD-C498102E22AF}.Release|x86.Build.0 = Release|Any CPU
		{B9398502-5C50-611A-4EF1-62F5AE22E26C}.Debug|Any CPU.ActiveCfg = Debug|Any CPU
		{B9398502-5C50-611A-4EF1-62F5AE22E26C}.Debug|Any CPU.Build.0 = Debug|Any CPU
		{B9398502-5C50-611A-4EF1-62F5AE22E26C}.Debug|x64.ActiveCfg = Debug|Any CPU
		{B9398502-5C50-611A-4EF1-62F5AE22E26C}.Debug|x64.Build.0 = Debug|Any CPU
		{B9398502-5C50-611A-4EF1-62F5AE22E26C}.Debug|x86.ActiveCfg = Debug|Any CPU
		{B9398502-5C50-611A-4EF1-62F5AE22E26C}.Debug|x86.Build.0 = Debug|Any CPU
		{B9398502-5C50-611A-4EF1-62F5AE22E26C}.Release|Any CPU.ActiveCfg = Release|Any CPU
		{B9398502-5C50-611A-4EF1-62F5AE22E26C}.Release|Any CPU.Build.0 = Release|Any CPU
		{B9398502-5C50-611A-4EF1-62F5AE22E26C}.Release|x64.ActiveCfg = Release|Any CPU
		{B9398502-5C50-611A-4EF1-62F5AE22E26C}.Release|x64.Build.0 = Release|Any CPU
		{B9398502-5C50-611A-4EF1-62F5AE22E26C}.Release|x86.ActiveCfg = Release|Any CPU
		{B9398502-5C50-611A-4EF1-62F5AE22E26C}.Release|x86.Build.0 = Release|Any CPU
		{C8D6CA26-775A-A739-1B78-77AED8B65068}.Debug|Any CPU.ActiveCfg = Debug|Any CPU
		{C8D6CA26-775A-A739-1B78-77AED8B65068}.Debug|Any CPU.Build.0 = Debug|Any CPU
		{C8D6CA26-775A-A739-1B78-77AED8B65068}.Debug|x64.ActiveCfg = Debug|Any CPU
		{C8D6CA26-775A-A739-1B78-77AED8B65068}.Debug|x64.Build.0 = Debug|Any CPU
		{C8D6CA26-775A-A739-1B78-77AED8B65068}.Debug|x86.ActiveCfg = Debug|Any CPU
		{C8D6CA26-775A-A739-1B78-77AED8B65068}.Debug|x86.Build.0 = Debug|Any CPU
		{C8D6CA26-775A-A739-1B78-77AED8B65068}.Release|Any CPU.ActiveCfg = Release|Any CPU
		{C8D6CA26-775A-A739-1B78-77AED8B65068}.Release|Any CPU.Build.0 = Release|Any CPU
		{C8D6CA26-775A-A739-1B78-77AED8B65068}.Release|x64.ActiveCfg = Release|Any CPU
		{C8D6CA26-775A-A739-1B78-77AED8B65068}.Release|x64.Build.0 = Release|Any CPU
		{C8D6CA26-775A-A739-1B78-77AED8B65068}.Release|x86.ActiveCfg = Release|Any CPU
		{C8D6CA26-775A-A739-1B78-77AED8B65068}.Release|x86.Build.0 = Release|Any CPU
		{FEBE7426-1F6E-8505-0D5C-748022185DF2}.Debug|Any CPU.ActiveCfg = Debug|Any CPU
		{FEBE7426-1F6E-8505-0D5C-748022185DF2}.Debug|Any CPU.Build.0 = Debug|Any CPU
		{FEBE7426-1F6E-8505-0D5C-748022185DF2}.Debug|x64.ActiveCfg = Debug|Any CPU
		{FEBE7426-1F6E-8505-0D5C-748022185DF2}.Debug|x64.Build.0 = Debug|Any CPU
		{FEBE7426-1F6E-8505-0D5C-748022185DF2}.Debug|x86.ActiveCfg = Debug|Any CPU
		{FEBE7426-1F6E-8505-0D5C-748022185DF2}.Debug|x86.Build.0 = Debug|Any CPU
		{FEBE7426-1F6E-8505-0D5C-748022185DF2}.Release|Any CPU.ActiveCfg = Release|Any CPU
		{FEBE7426-1F6E-8505-0D5C-748022185DF2}.Release|Any CPU.Build.0 = Release|Any CPU
		{FEBE7426-1F6E-8505-0D5C-748022185DF2}.Release|x64.ActiveCfg = Release|Any CPU
		{FEBE7426-1F6E-8505-0D5C-748022185DF2}.Release|x64.Build.0 = Release|Any CPU
		{FEBE7426-1F6E-8505-0D5C-748022185DF2}.Release|x86.ActiveCfg = Release|Any CPU
		{FEBE7426-1F6E-8505-0D5C-748022185DF2}.Release|x86.Build.0 = Release|Any CPU
		{D2B55E46-FF5D-03BE-06B2-22698D561601}.Debug|Any CPU.ActiveCfg = Debug|Any CPU
		{D2B55E46-FF5D-03BE-06B2-22698D561601}.Debug|Any CPU.Build.0 = Debug|Any CPU
		{D2B55E46-FF5D-03BE-06B2-22698D561601}.Debug|x64.ActiveCfg = Debug|Any CPU
		{D2B55E46-FF5D-03BE-06B2-22698D561601}.Debug|x64.Build.0 = Debug|Any CPU
		{D2B55E46-FF5D-03BE-06B2-22698D561601}.Debug|x86.ActiveCfg = Debug|Any CPU
		{D2B55E46-FF5D-03BE-06B2-22698D561601}.Debug|x86.Build.0 = Debug|Any CPU
		{D2B55E46-FF5D-03BE-06B2-22698D561601}.Release|Any CPU.ActiveCfg = Release|Any CPU
		{D2B55E46-FF5D-03BE-06B2-22698D561601}.Release|Any CPU.Build.0 = Release|Any CPU
		{D2B55E46-FF5D-03BE-06B2-22698D561601}.Release|x64.ActiveCfg = Release|Any CPU
		{D2B55E46-FF5D-03BE-06B2-22698D561601}.Release|x64.Build.0 = Release|Any CPU
		{D2B55E46-FF5D-03BE-06B2-22698D561601}.Release|x86.ActiveCfg = Release|Any CPU
		{D2B55E46-FF5D-03BE-06B2-22698D561601}.Release|x86.Build.0 = Release|Any CPU
		{2FE29131-0E56-2DD4-67E3-E86776E498DB}.Debug|Any CPU.ActiveCfg = Debug|Any CPU
		{2FE29131-0E56-2DD4-67E3-E86776E498DB}.Debug|Any CPU.Build.0 = Debug|Any CPU
		{2FE29131-0E56-2DD4-67E3-E86776E498DB}.Debug|x64.ActiveCfg = Debug|Any CPU
		{2FE29131-0E56-2DD4-67E3-E86776E498DB}.Debug|x64.Build.0 = Debug|Any CPU
		{2FE29131-0E56-2DD4-67E3-E86776E498DB}.Debug|x86.ActiveCfg = Debug|Any CPU
		{2FE29131-0E56-2DD4-67E3-E86776E498DB}.Debug|x86.Build.0 = Debug|Any CPU
		{2FE29131-0E56-2DD4-67E3-E86776E498DB}.Release|Any CPU.ActiveCfg = Release|Any CPU
		{2FE29131-0E56-2DD4-67E3-E86776E498DB}.Release|Any CPU.Build.0 = Release|Any CPU
		{2FE29131-0E56-2DD4-67E3-E86776E498DB}.Release|x64.ActiveCfg = Release|Any CPU
		{2FE29131-0E56-2DD4-67E3-E86776E498DB}.Release|x64.Build.0 = Release|Any CPU
		{2FE29131-0E56-2DD4-67E3-E86776E498DB}.Release|x86.ActiveCfg = Release|Any CPU
		{2FE29131-0E56-2DD4-67E3-E86776E498DB}.Release|x86.Build.0 = Release|Any CPU
		{2CCD7095-7998-E803-7432-C25C8541C3D8}.Debug|Any CPU.ActiveCfg = Debug|Any CPU
		{2CCD7095-7998-E803-7432-C25C8541C3D8}.Debug|Any CPU.Build.0 = Debug|Any CPU
		{2CCD7095-7998-E803-7432-C25C8541C3D8}.Debug|x64.ActiveCfg = Debug|Any CPU
		{2CCD7095-7998-E803-7432-C25C8541C3D8}.Debug|x64.Build.0 = Debug|Any CPU
		{2CCD7095-7998-E803-7432-C25C8541C3D8}.Debug|x86.ActiveCfg = Debug|Any CPU
		{2CCD7095-7998-E803-7432-C25C8541C3D8}.Debug|x86.Build.0 = Debug|Any CPU
		{2CCD7095-7998-E803-7432-C25C8541C3D8}.Release|Any CPU.ActiveCfg = Release|Any CPU
		{2CCD7095-7998-E803-7432-C25C8541C3D8}.Release|Any CPU.Build.0 = Release|Any CPU
		{2CCD7095-7998-E803-7432-C25C8541C3D8}.Release|x64.ActiveCfg = Release|Any CPU
		{2CCD7095-7998-E803-7432-C25C8541C3D8}.Release|x64.Build.0 = Release|Any CPU
		{2CCD7095-7998-E803-7432-C25C8541C3D8}.Release|x86.ActiveCfg = Release|Any CPU
		{2CCD7095-7998-E803-7432-C25C8541C3D8}.Release|x86.Build.0 = Release|Any CPU
		{7F9A0C8C-8107-17E9-8E24-521B9F534DAE}.Debug|Any CPU.ActiveCfg = Debug|Any CPU
		{7F9A0C8C-8107-17E9-8E24-521B9F534DAE}.Debug|Any CPU.Build.0 = Debug|Any CPU
		{7F9A0C8C-8107-17E9-8E24-521B9F534DAE}.Debug|x64.ActiveCfg = Debug|Any CPU
		{7F9A0C8C-8107-17E9-8E24-521B9F534DAE}.Debug|x64.Build.0 = Debug|Any CPU
		{7F9A0C8C-8107-17E9-8E24-521B9F534DAE}.Debug|x86.ActiveCfg = Debug|Any CPU
		{7F9A0C8C-8107-17E9-8E24-521B9F534DAE}.Debug|x86.Build.0 = Debug|Any CPU
		{7F9A0C8C-8107-17E9-8E24-521B9F534DAE}.Release|Any CPU.ActiveCfg = Release|Any CPU
		{7F9A0C8C-8107-17E9-8E24-521B9F534DAE}.Release|Any CPU.Build.0 = Release|Any CPU
		{7F9A0C8C-8107-17E9-8E24-521B9F534DAE}.Release|x64.ActiveCfg = Release|Any CPU
		{7F9A0C8C-8107-17E9-8E24-521B9F534DAE}.Release|x64.Build.0 = Release|Any CPU
		{7F9A0C8C-8107-17E9-8E24-521B9F534DAE}.Release|x86.ActiveCfg = Release|Any CPU
		{7F9A0C8C-8107-17E9-8E24-521B9F534DAE}.Release|x86.Build.0 = Release|Any CPU
		{894D82F3-BF43-45B7-A3E9-DE892A0E0B7E}.Debug|Any CPU.ActiveCfg = Debug|Any CPU
		{894D82F3-BF43-45B7-A3E9-DE892A0E0B7E}.Debug|Any CPU.Build.0 = Debug|Any CPU
		{894D82F3-BF43-45B7-A3E9-DE892A0E0B7E}.Debug|x64.ActiveCfg = Debug|Any CPU
		{894D82F3-BF43-45B7-A3E9-DE892A0E0B7E}.Debug|x64.Build.0 = Debug|Any CPU
		{894D82F3-BF43-45B7-A3E9-DE892A0E0B7E}.Debug|x86.ActiveCfg = Debug|Any CPU
		{894D82F3-BF43-45B7-A3E9-DE892A0E0B7E}.Debug|x86.Build.0 = Debug|Any CPU
		{894D82F3-BF43-45B7-A3E9-DE892A0E0B7E}.Release|Any CPU.ActiveCfg = Release|Any CPU
		{894D82F3-BF43-45B7-A3E9-DE892A0E0B7E}.Release|Any CPU.Build.0 = Release|Any CPU
		{894D82F3-BF43-45B7-A3E9-DE892A0E0B7E}.Release|x64.ActiveCfg = Release|Any CPU
		{894D82F3-BF43-45B7-A3E9-DE892A0E0B7E}.Release|x64.Build.0 = Release|Any CPU
		{894D82F3-BF43-45B7-A3E9-DE892A0E0B7E}.Release|x86.ActiveCfg = Release|Any CPU
		{894D82F3-BF43-45B7-A3E9-DE892A0E0B7E}.Release|x86.Build.0 = Release|Any CPU
		{A6BF2FF4-57C6-4652-97BF-53A6972FD989}.Debug|Any CPU.ActiveCfg = Debug|Any CPU
		{A6BF2FF4-57C6-4652-97BF-53A6972FD989}.Debug|Any CPU.Build.0 = Debug|Any CPU
		{A6BF2FF4-57C6-4652-97BF-53A6972FD989}.Debug|x64.ActiveCfg = Debug|Any CPU
		{A6BF2FF4-57C6-4652-97BF-53A6972FD989}.Debug|x64.Build.0 = Debug|Any CPU
		{A6BF2FF4-57C6-4652-97BF-53A6972FD989}.Debug|x86.ActiveCfg = Debug|Any CPU
		{A6BF2FF4-57C6-4652-97BF-53A6972FD989}.Debug|x86.Build.0 = Debug|Any CPU
		{A6BF2FF4-57C6-4652-97BF-53A6972FD989}.Release|Any CPU.ActiveCfg = Release|Any CPU
		{A6BF2FF4-57C6-4652-97BF-53A6972FD989}.Release|Any CPU.Build.0 = Release|Any CPU
		{A6BF2FF4-57C6-4652-97BF-53A6972FD989}.Release|x64.ActiveCfg = Release|Any CPU
		{A6BF2FF4-57C6-4652-97BF-53A6972FD989}.Release|x64.Build.0 = Release|Any CPU
		{A6BF2FF4-57C6-4652-97BF-53A6972FD989}.Release|x86.ActiveCfg = Release|Any CPU
		{A6BF2FF4-57C6-4652-97BF-53A6972FD989}.Release|x86.Build.0 = Release|Any CPU
		{5B5B6DDB-13F2-4F7F-BE5D-9CC7363201BB}.Debug|Any CPU.ActiveCfg = Debug|Any CPU
		{5B5B6DDB-13F2-4F7F-BE5D-9CC7363201BB}.Debug|Any CPU.Build.0 = Debug|Any CPU
		{5B5B6DDB-13F2-4F7F-BE5D-9CC7363201BB}.Debug|x64.ActiveCfg = Debug|Any CPU
		{5B5B6DDB-13F2-4F7F-BE5D-9CC7363201BB}.Debug|x64.Build.0 = Debug|Any CPU
		{5B5B6DDB-13F2-4F7F-BE5D-9CC7363201BB}.Debug|x86.ActiveCfg = Debug|Any CPU
		{5B5B6DDB-13F2-4F7F-BE5D-9CC7363201BB}.Debug|x86.Build.0 = Debug|Any CPU
		{5B5B6DDB-13F2-4F7F-BE5D-9CC7363201BB}.Release|Any CPU.ActiveCfg = Release|Any CPU
		{5B5B6DDB-13F2-4F7F-BE5D-9CC7363201BB}.Release|Any CPU.Build.0 = Release|Any CPU
		{5B5B6DDB-13F2-4F7F-BE5D-9CC7363201BB}.Release|x64.ActiveCfg = Release|Any CPU
		{5B5B6DDB-13F2-4F7F-BE5D-9CC7363201BB}.Release|x64.Build.0 = Release|Any CPU
		{5B5B6DDB-13F2-4F7F-BE5D-9CC7363201BB}.Release|x86.ActiveCfg = Release|Any CPU
		{5B5B6DDB-13F2-4F7F-BE5D-9CC7363201BB}.Release|x86.Build.0 = Release|Any CPU
		{9468FE8C-E1AD-424E-BDDB-C4CF9E8B9253}.Debug|Any CPU.ActiveCfg = Debug|Any CPU
		{9468FE8C-E1AD-424E-BDDB-C4CF9E8B9253}.Debug|Any CPU.Build.0 = Debug|Any CPU
		{9468FE8C-E1AD-424E-BDDB-C4CF9E8B9253}.Debug|x64.ActiveCfg = Debug|Any CPU
		{9468FE8C-E1AD-424E-BDDB-C4CF9E8B9253}.Debug|x64.Build.0 = Debug|Any CPU
		{9468FE8C-E1AD-424E-BDDB-C4CF9E8B9253}.Debug|x86.ActiveCfg = Debug|Any CPU
		{9468FE8C-E1AD-424E-BDDB-C4CF9E8B9253}.Debug|x86.Build.0 = Debug|Any CPU
		{9468FE8C-E1AD-424E-BDDB-C4CF9E8B9253}.Release|Any CPU.ActiveCfg = Release|Any CPU
		{9468FE8C-E1AD-424E-BDDB-C4CF9E8B9253}.Release|Any CPU.Build.0 = Release|Any CPU
		{9468FE8C-E1AD-424E-BDDB-C4CF9E8B9253}.Release|x64.ActiveCfg = Release|Any CPU
		{9468FE8C-E1AD-424E-BDDB-C4CF9E8B9253}.Release|x64.Build.0 = Release|Any CPU
		{9468FE8C-E1AD-424E-BDDB-C4CF9E8B9253}.Release|x86.ActiveCfg = Release|Any CPU
		{9468FE8C-E1AD-424E-BDDB-C4CF9E8B9253}.Release|x86.Build.0 = Release|Any CPU
		{24EBCB8E-C70E-410F-A60B-1F967920D46B}.Debug|Any CPU.ActiveCfg = Debug|Any CPU
		{24EBCB8E-C70E-410F-A60B-1F967920D46B}.Debug|Any CPU.Build.0 = Debug|Any CPU
		{24EBCB8E-C70E-410F-A60B-1F967920D46B}.Debug|x64.ActiveCfg = Debug|Any CPU
		{24EBCB8E-C70E-410F-A60B-1F967920D46B}.Debug|x64.Build.0 = Debug|Any CPU
		{24EBCB8E-C70E-410F-A60B-1F967920D46B}.Debug|x86.ActiveCfg = Debug|Any CPU
		{24EBCB8E-C70E-410F-A60B-1F967920D46B}.Debug|x86.Build.0 = Debug|Any CPU
		{24EBCB8E-C70E-410F-A60B-1F967920D46B}.Release|Any CPU.ActiveCfg = Release|Any CPU
		{24EBCB8E-C70E-410F-A60B-1F967920D46B}.Release|Any CPU.Build.0 = Release|Any CPU
		{24EBCB8E-C70E-410F-A60B-1F967920D46B}.Release|x64.ActiveCfg = Release|Any CPU
		{24EBCB8E-C70E-410F-A60B-1F967920D46B}.Release|x64.Build.0 = Release|Any CPU
		{24EBCB8E-C70E-410F-A60B-1F967920D46B}.Release|x86.ActiveCfg = Release|Any CPU
		{24EBCB8E-C70E-410F-A60B-1F967920D46B}.Release|x86.Build.0 = Release|Any CPU
		{B6A97DA6-D870-4053-A703-CC240906B2E6}.Debug|Any CPU.ActiveCfg = Debug|Any CPU
		{B6A97DA6-D870-4053-A703-CC240906B2E6}.Debug|Any CPU.Build.0 = Debug|Any CPU
		{B6A97DA6-D870-4053-A703-CC240906B2E6}.Debug|x64.ActiveCfg = Debug|Any CPU
		{B6A97DA6-D870-4053-A703-CC240906B2E6}.Debug|x64.Build.0 = Debug|Any CPU
		{B6A97DA6-D870-4053-A703-CC240906B2E6}.Debug|x86.ActiveCfg = Debug|Any CPU
		{B6A97DA6-D870-4053-A703-CC240906B2E6}.Debug|x86.Build.0 = Debug|Any CPU
		{B6A97DA6-D870-4053-A703-CC240906B2E6}.Release|Any CPU.ActiveCfg = Release|Any CPU
		{B6A97DA6-D870-4053-A703-CC240906B2E6}.Release|Any CPU.Build.0 = Release|Any CPU
		{B6A97DA6-D870-4053-A703-CC240906B2E6}.Release|x64.ActiveCfg = Release|Any CPU
		{B6A97DA6-D870-4053-A703-CC240906B2E6}.Release|x64.Build.0 = Release|Any CPU
		{B6A97DA6-D870-4053-A703-CC240906B2E6}.Release|x86.ActiveCfg = Release|Any CPU
		{B6A97DA6-D870-4053-A703-CC240906B2E6}.Release|x86.Build.0 = Release|Any CPU
		{DE66A993-66A2-4445-A86F-0D891AC019F7}.Debug|Any CPU.ActiveCfg = Debug|Any CPU
		{DE66A993-66A2-4445-A86F-0D891AC019F7}.Debug|Any CPU.Build.0 = Debug|Any CPU
		{DE66A993-66A2-4445-A86F-0D891AC019F7}.Debug|x64.ActiveCfg = Debug|Any CPU
		{DE66A993-66A2-4445-A86F-0D891AC019F7}.Debug|x64.Build.0 = Debug|Any CPU
		{DE66A993-66A2-4445-A86F-0D891AC019F7}.Debug|x86.ActiveCfg = Debug|Any CPU
		{DE66A993-66A2-4445-A86F-0D891AC019F7}.Debug|x86.Build.0 = Debug|Any CPU
		{DE66A993-66A2-4445-A86F-0D891AC019F7}.Release|Any CPU.ActiveCfg = Release|Any CPU
		{DE66A993-66A2-4445-A86F-0D891AC019F7}.Release|Any CPU.Build.0 = Release|Any CPU
		{DE66A993-66A2-4445-A86F-0D891AC019F7}.Release|x64.ActiveCfg = Release|Any CPU
		{DE66A993-66A2-4445-A86F-0D891AC019F7}.Release|x64.Build.0 = Release|Any CPU
		{DE66A993-66A2-4445-A86F-0D891AC019F7}.Release|x86.ActiveCfg = Release|Any CPU
		{DE66A993-66A2-4445-A86F-0D891AC019F7}.Release|x86.Build.0 = Release|Any CPU
		{1FF0BDDE-5A84-4C3B-BE13-1D9293F63BC5}.Debug|Any CPU.ActiveCfg = Debug|Any CPU
		{1FF0BDDE-5A84-4C3B-BE13-1D9293F63BC5}.Debug|Any CPU.Build.0 = Debug|Any CPU
		{1FF0BDDE-5A84-4C3B-BE13-1D9293F63BC5}.Debug|x64.ActiveCfg = Debug|Any CPU
		{1FF0BDDE-5A84-4C3B-BE13-1D9293F63BC5}.Debug|x64.Build.0 = Debug|Any CPU
		{1FF0BDDE-5A84-4C3B-BE13-1D9293F63BC5}.Debug|x86.ActiveCfg = Debug|Any CPU
		{1FF0BDDE-5A84-4C3B-BE13-1D9293F63BC5}.Debug|x86.Build.0 = Debug|Any CPU
		{1FF0BDDE-5A84-4C3B-BE13-1D9293F63BC5}.Release|Any CPU.ActiveCfg = Release|Any CPU
		{1FF0BDDE-5A84-4C3B-BE13-1D9293F63BC5}.Release|Any CPU.Build.0 = Release|Any CPU
		{1FF0BDDE-5A84-4C3B-BE13-1D9293F63BC5}.Release|x64.ActiveCfg = Release|Any CPU
		{1FF0BDDE-5A84-4C3B-BE13-1D9293F63BC5}.Release|x64.Build.0 = Release|Any CPU
		{1FF0BDDE-5A84-4C3B-BE13-1D9293F63BC5}.Release|x86.ActiveCfg = Release|Any CPU
		{1FF0BDDE-5A84-4C3B-BE13-1D9293F63BC5}.Release|x86.Build.0 = Release|Any CPU
		{783F6DF4-BB21-437A-ACC0-3246A9A4D134}.Debug|Any CPU.ActiveCfg = Debug|Any CPU
		{783F6DF4-BB21-437A-ACC0-3246A9A4D134}.Debug|Any CPU.Build.0 = Debug|Any CPU
		{783F6DF4-BB21-437A-ACC0-3246A9A4D134}.Debug|x64.ActiveCfg = Debug|Any CPU
		{783F6DF4-BB21-437A-ACC0-3246A9A4D134}.Debug|x64.Build.0 = Debug|Any CPU
		{783F6DF4-BB21-437A-ACC0-3246A9A4D134}.Debug|x86.ActiveCfg = Debug|Any CPU
		{783F6DF4-BB21-437A-ACC0-3246A9A4D134}.Debug|x86.Build.0 = Debug|Any CPU
		{783F6DF4-BB21-437A-ACC0-3246A9A4D134}.Release|Any CPU.ActiveCfg = Release|Any CPU
		{783F6DF4-BB21-437A-ACC0-3246A9A4D134}.Release|Any CPU.Build.0 = Release|Any CPU
		{783F6DF4-BB21-437A-ACC0-3246A9A4D134}.Release|x64.ActiveCfg = Release|Any CPU
		{783F6DF4-BB21-437A-ACC0-3246A9A4D134}.Release|x64.Build.0 = Release|Any CPU
		{783F6DF4-BB21-437A-ACC0-3246A9A4D134}.Release|x86.ActiveCfg = Release|Any CPU
		{783F6DF4-BB21-437A-ACC0-3246A9A4D134}.Release|x86.Build.0 = Release|Any CPU
	EndGlobalSection
	GlobalSection(SolutionProperties) = preSolution
		HideSolutionNode = FALSE
	EndGlobalSection
	GlobalSection(NestedProjects) = preSolution
		{A997222C-7999-495C-8F24-E6E774E47FAB} = {C65D1B17-7D31-4FB1-94A1-2BDF4160C5A8}
		{B6F9C879-4A4B-4510-B94C-2DE169188968} = {A997222C-7999-495C-8F24-E6E774E47FAB}
		{1F3F99CA-2105-43CE-9499-AF235D3F9D9D} = {A997222C-7999-495C-8F24-E6E774E47FAB}
		{5C522C01-4562-46F5-AE0B-C0931006F43A} = {C65D1B17-7D31-4FB1-94A1-2BDF4160C5A8}
		{595A6646-72B4-4B06-BA77-89149CDF9FD2} = {5C522C01-4562-46F5-AE0B-C0931006F43A}
		{777DAB55-C375-4B19-BBD8-4C55FC78F37C} = {5C522C01-4562-46F5-AE0B-C0931006F43A}
		{9BF2402E-E1C7-4C1B-9A90-1E32BAFA7C7F} = {C65D1B17-7D31-4FB1-94A1-2BDF4160C5A8}
		{3B691C3F-2184-4B9E-8B47-650C04203BD6} = {C65D1B17-7D31-4FB1-94A1-2BDF4160C5A8}
		{BAFCEC8B-10F0-4133-B59C-3B02BC9D9FA9} = {5C522C01-4562-46F5-AE0B-C0931006F43A}
		{E39B8896-F129-44D7-94A7-78F7B7E30553} = {5C522C01-4562-46F5-AE0B-C0931006F43A}
		{12E58FFA-BA99-401D-A51A-2EAC9D3E0D3E} = {3B691C3F-2184-4B9E-8B47-650C04203BD6}
		{1B1351A6-F069-19BC-5EFD-C498102E22AF} = {12E58FFA-BA99-401D-A51A-2EAC9D3E0D3E}
		{B9398502-5C50-611A-4EF1-62F5AE22E26C} = {12E58FFA-BA99-401D-A51A-2EAC9D3E0D3E}
		{C8D6CA26-775A-A739-1B78-77AED8B65068} = {12E58FFA-BA99-401D-A51A-2EAC9D3E0D3E}
		{FEBE7426-1F6E-8505-0D5C-748022185DF2} = {12E58FFA-BA99-401D-A51A-2EAC9D3E0D3E}
		{D2B55E46-FF5D-03BE-06B2-22698D561601} = {9BF2402E-E1C7-4C1B-9A90-1E32BAFA7C7F}
		{2FE29131-0E56-2DD4-67E3-E86776E498DB} = {3B691C3F-2184-4B9E-8B47-650C04203BD6}
		{2CCD7095-7998-E803-7432-C25C8541C3D8} = {5C522C01-4562-46F5-AE0B-C0931006F43A}
		{7F9A0C8C-8107-17E9-8E24-521B9F534DAE} = {12E58FFA-BA99-401D-A51A-2EAC9D3E0D3E}
		{894D82F3-BF43-45B7-A3E9-DE892A0E0B7E} = {12E58FFA-BA99-401D-A51A-2EAC9D3E0D3E}
		{A6BF2FF4-57C6-4652-97BF-53A6972FD989} = {0AB3BF05-4346-4AA6-1389-037BE0695223}
		{5B5B6DDB-13F2-4F7F-BE5D-9CC7363201BB} = {0AB3BF05-4346-4AA6-1389-037BE0695223}
		{9468FE8C-E1AD-424E-BDDB-C4CF9E8B9253} = {0AB3BF05-4346-4AA6-1389-037BE0695223}
		{24EBCB8E-C70E-410F-A60B-1F967920D46B} = {0AB3BF05-4346-4AA6-1389-037BE0695223}
		{B6A97DA6-D870-4053-A703-CC240906B2E6} = {5C522C01-4562-46F5-AE0B-C0931006F43A}
		{DE66A993-66A2-4445-A86F-0D891AC019F7} = {5C522C01-4562-46F5-AE0B-C0931006F43A}
		{1FF0BDDE-5A84-4C3B-BE13-1D9293F63BC5} = {3B691C3F-2184-4B9E-8B47-650C04203BD6}
		{783F6DF4-BB21-437A-ACC0-3246A9A4D134} = {0AB3BF05-4346-4AA6-1389-037BE0695223}
	EndGlobalSection
	GlobalSection(ExtensibilityGlobals) = postSolution
		SolutionGuid = {7A9A2658-78B1-48DA-B95E-13688F049AB4}
	EndGlobalSection
EndGlobal
